
Microsoft Visual Studio Solution File, Format Version 12.00
# Visual Studio 14
VisualStudioVersion = 14.0.25420.1
MinimumVisualStudioVersion = 10.0.40219.1
Project("{FAE04EC0-301F-11D3-BF4B-00C04F79EFBC}") = "ArtiLib.Site", "ArtiLib.Site\ArtiLib.Site.csproj", "{ADBF4582-4510-48B7-8A09-1FCE5EA12D37}"
EndProject
Project("{FAE04EC0-301F-11D3-BF4B-00C04F79EFBC}") = "ArtiLib.Data", "ArtiLib.Data\ArtiLib.Data.csproj", "{8D11FB62-7E39-45D3-A555-B234FCADE084}"
EndProject
Project("{FAE04EC0-301F-11D3-BF4B-00C04F79EFBC}") = "ArtiLib.Services", "ArtiLib.Services\ArtiLib.Services.csproj", "{033D7818-9EB3-4ED5-AF5B-62297FBB33A8}"
EndProject
Project("{2150E333-8FDC-42A3-9474-1A3956D46DE8}") = "1 - Database", "1 - Database", "{C63A17B7-00FD-49C5-BABB-0CAEB8023F0E}"
EndProject
Project("{2150E333-8FDC-42A3-9474-1A3956D46DE8}") = "4 - Data", "4 - Data", "{6117D3DF-BD9C-4D09-8DBA-79BC99792182}"
EndProject
Project("{2150E333-8FDC-42A3-9474-1A3956D46DE8}") = "6 - Services", "6 - Services", "{4967D2E4-ED6C-4A93-90F1-D1F6ADA95F29}"
EndProject
Project("{2150E333-8FDC-42A3-9474-1A3956D46DE8}") = "7 - Portail", "7 - Portail", "{402CCB73-86AD-495D-B455-BE0F9A32E682}"
EndProject
Project("{FAE04EC0-301F-11D3-BF4B-00C04F79EFBC}") = "ArtiLib.Entities", "ArtiLib.Entities\ArtiLib.Entities.csproj", "{8BDDAE14-A885-4AF8-A5A5-5B9AE2A9E0E9}"
EndProject
Project("{2150E333-8FDC-42A3-9474-1A3956D46DE8}") = "2 - Entities", "2 - Entities", "{EDB66C6D-9A77-4DA3-8332-1CDAED22C9B1}"
EndProject
Project("{FAE04EC0-301F-11D3-BF4B-00C04F79EFBC}") = "ArtiLib.Utils", "ArtiLib.Utils\ArtiLib.Utils.csproj", "{CD299D78-1204-480A-B01D-8421913D8B7B}"
EndProject
Project("{2150E333-8FDC-42A3-9474-1A3956D46DE8}") = "3 - Utils", "3 - Utils", "{D496CC21-A8A9-4996-943E-7385203263F4}"
EndProject
Project("{FAE04EC0-301F-11D3-BF4B-00C04F79EFBC}") = "ArtiLib.Interfaces", "ArtiLib.Interfaces\ArtiLib.Interfaces.csproj", "{C5B78852-EF45-4F68-A265-FF8B59239BD5}"
EndProject
Project("{2150E333-8FDC-42A3-9474-1A3956D46DE8}") = "5 - Interfaces", "5 - Interfaces", "{BD280117-32DB-496B-99D1-23189372F09C}"
EndProject
Project("{00D1A9C2-B5F0-4AF3-8072-F6C62B433612}") = "ArtiLib.Database", "ArtiLib.Database\ArtiLib.Database.sqlproj", "{01C88CBB-399F-40C1-B02A-EE7D9C8CC99C}"
EndProject
Global
	GlobalSection(SolutionConfigurationPlatforms) = preSolution
		Debug|Any CPU = Debug|Any CPU
		Release|Any CPU = Release|Any CPU
	EndGlobalSection
	GlobalSection(ProjectConfigurationPlatforms) = postSolution
		{ADBF4582-4510-48B7-8A09-1FCE5EA12D37}.Debug|Any CPU.ActiveCfg = Debug|Any CPU
		{ADBF4582-4510-48B7-8A09-1FCE5EA12D37}.Debug|Any CPU.Build.0 = Debug|Any CPU
		{ADBF4582-4510-48B7-8A09-1FCE5EA12D37}.Release|Any CPU.ActiveCfg = Release|Any CPU
		{ADBF4582-4510-48B7-8A09-1FCE5EA12D37}.Release|Any CPU.Build.0 = Release|Any CPU
		{8D11FB62-7E39-45D3-A555-B234FCADE084}.Debug|Any CPU.ActiveCfg = Debug|Any CPU
		{8D11FB62-7E39-45D3-A555-B234FCADE084}.Debug|Any CPU.Build.0 = Debug|Any CPU
		{8D11FB62-7E39-45D3-A555-B234FCADE084}.Release|Any CPU.ActiveCfg = Release|Any CPU
		{8D11FB62-7E39-45D3-A555-B234FCADE084}.Release|Any CPU.Build.0 = Release|Any CPU
		{033D7818-9EB3-4ED5-AF5B-62297FBB33A8}.Debug|Any CPU.ActiveCfg = Debug|Any CPU
		{033D7818-9EB3-4ED5-AF5B-62297FBB33A8}.Debug|Any CPU.Build.0 = Debug|Any CPU
		{033D7818-9EB3-4ED5-AF5B-62297FBB33A8}.Release|Any CPU.ActiveCfg = Release|Any CPU
		{033D7818-9EB3-4ED5-AF5B-62297FBB33A8}.Release|Any CPU.Build.0 = Release|Any CPU
		{8BDDAE14-A885-4AF8-A5A5-5B9AE2A9E0E9}.Debug|Any CPU.ActiveCfg = Debug|Any CPU
		{8BDDAE14-A885-4AF8-A5A5-5B9AE2A9E0E9}.Debug|Any CPU.Build.0 = Debug|Any CPU
		{8BDDAE14-A885-4AF8-A5A5-5B9AE2A9E0E9}.Release|Any CPU.ActiveCfg = Release|Any CPU
		{8BDDAE14-A885-4AF8-A5A5-5B9AE2A9E0E9}.Release|Any CPU.Build.0 = Release|Any CPU
		{CD299D78-1204-480A-B01D-8421913D8B7B}.Debug|Any CPU.ActiveCfg = Debug|Any CPU
		{CD299D78-1204-480A-B01D-8421913D8B7B}.Debug|Any CPU.Build.0 = Debug|Any CPU
		{CD299D78-1204-480A-B01D-8421913D8B7B}.Release|Any CPU.ActiveCfg = Release|Any CPU
		{CD299D78-1204-480A-B01D-8421913D8B7B}.Release|Any CPU.Build.0 = Release|Any CPU
		{C5B78852-EF45-4F68-A265-FF8B59239BD5}.Debug|Any CPU.ActiveCfg = Debug|Any CPU
		{C5B78852-EF45-4F68-A265-FF8B59239BD5}.Debug|Any CPU.Build.0 = Debug|Any CPU
		{C5B78852-EF45-4F68-A265-FF8B59239BD5}.Release|Any CPU.ActiveCfg = Release|Any CPU
		{C5B78852-EF45-4F68-A265-FF8B59239BD5}.Release|Any CPU.Build.0 = Release|Any CPU
		{01C88CBB-399F-40C1-B02A-EE7D9C8CC99C}.Debug|Any CPU.ActiveCfg = Debug|Any CPU
		{01C88CBB-399F-40C1-B02A-EE7D9C8CC99C}.Debug|Any CPU.Build.0 = Debug|Any CPU
		{01C88CBB-399F-40C1-B02A-EE7D9C8CC99C}.Debug|Any CPU.Deploy.0 = Debug|Any CPU
		{01C88CBB-399F-40C1-B02A-EE7D9C8CC99C}.Release|Any CPU.ActiveCfg = Release|Any CPU
		{01C88CBB-399F-40C1-B02A-EE7D9C8CC99C}.Release|Any CPU.Build.0 = Release|Any CPU
		{01C88CBB-399F-40C1-B02A-EE7D9C8CC99C}.Release|Any CPU.Deploy.0 = Release|Any CPU
	EndGlobalSection
	GlobalSection(SolutionProperties) = preSolution
		HideSolutionNode = FALSE
	EndGlobalSection
	GlobalSection(NestedProjects) = preSolution
		{ADBF4582-4510-48B7-8A09-1FCE5EA12D37} = {402CCB73-86AD-495D-B455-BE0F9A32E682}
		{8D11FB62-7E39-45D3-A555-B234FCADE084} = {6117D3DF-BD9C-4D09-8DBA-79BC99792182}
		{033D7818-9EB3-4ED5-AF5B-62297FBB33A8} = {4967D2E4-ED6C-4A93-90F1-D1F6ADA95F29}
		{8BDDAE14-A885-4AF8-A5A5-5B9AE2A9E0E9} = {EDB66C6D-9A77-4DA3-8332-1CDAED22C9B1}
		{CD299D78-1204-480A-B01D-8421913D8B7B} = {D496CC21-A8A9-4996-943E-7385203263F4}
		{C5B78852-EF45-4F68-A265-FF8B59239BD5} = {BD280117-32DB-496B-99D1-23189372F09C}
		{01C88CBB-399F-40C1-B02A-EE7D9C8CC99C} = {C63A17B7-00FD-49C5-BABB-0CAEB8023F0E}
	EndGlobalSection
EndGlobal
